
Microsoft Visual Studio Solution File, Format Version 12.00
# Visual Studio Version 16
VisualStudioVersion = 16.0.31729.503
MinimumVisualStudioVersion = 10.0.40219.1
Project("{FAE04EC0-301F-11D3-BF4B-00C04F79EFBC}") = "Line_Comparision_Comp", "Line_Comparision_Comp.csproj", "{96DAA7AC-A954-4090-8AD6-D2BC49168DBA}"
EndProject
Global
	GlobalSection(SolutionConfigurationPlatforms) = preSolution
		Debug|Any CPU = Debug|Any CPU
		Release|Any CPU = Release|Any CPU
	EndGlobalSection
	GlobalSection(ProjectConfigurationPlatforms) = postSolution
		{96DAA7AC-A954-4090-8AD6-D2BC49168DBA}.Debug|Any CPU.ActiveCfg = Debug|Any CPU
		{96DAA7AC-A954-4090-8AD6-D2BC49168DBA}.Debug|Any CPU.Build.0 = Debug|Any CPU
		{96DAA7AC-A954-4090-8AD6-D2BC49168DBA}.Release|Any CPU.ActiveCfg = Release|Any CPU
		{96DAA7AC-A954-4090-8AD6-D2BC49168DBA}.Release|Any CPU.Build.0 = Release|Any CPU
	EndGlobalSection
	GlobalSection(SolutionProperties) = preSolution
		HideSolutionNode = FALSE
	EndGlobalSection
	GlobalSection(ExtensibilityGlobals) = postSolution
		SolutionGuid = {61A611C1-8035-4259-9276-658F94EC7EC6}
	EndGlobalSection
EndGlobal
